
Microsoft Visual Studio Solution File, Format Version 12.00
# Visual Studio Version 16
VisualStudioVersion = 16.0.32630.194
MinimumVisualStudioVersion = 10.0.40219.1
Project("{FAE04EC0-301F-11D3-BF4B-00C04F79EFBC}") = "WebApplication1", "WebApplication1\WebApplication1.csproj", "{D247FCEC-9FA2-4791-AC87-4814F9649264}"
EndProject
Global
	GlobalSection(SolutionConfigurationPlatforms) = preSolution
		Debug|Any CPU = Debug|Any CPU
		Release|Any CPU = Release|Any CPU
	EndGlobalSection
	GlobalSection(ProjectConfigurationPlatforms) = postSolution
		{D247FCEC-9FA2-4791-AC87-4814F9649264}.Debug|Any CPU.ActiveCfg = Debug|Any CPU
		{D247FCEC-9FA2-4791-AC87-4814F9649264}.Debug|Any CPU.Build.0 = Debug|Any CPU
		{D247FCEC-9FA2-4791-AC87-4814F9649264}.Release|Any CPU.ActiveCfg = Release|Any CPU
		{D247FCEC-9FA2-4791-AC87-4814F9649264}.Release|Any CPU.Build.0 = Release|Any CPU
	EndGlobalSection
	GlobalSection(SolutionProperties) = preSolution
		HideSolutionNode = FALSE
	EndGlobalSection
	GlobalSection(ExtensibilityGlobals) = postSolution
		SolutionGuid = {B956031A-33ED-43D9-A2AC-A69288C7CD16}
	EndGlobalSection
EndGlobal
